
Microsoft Visual Studio Solution File, Format Version 12.00
# Visual Studio Version 17
VisualStudioVersion = 17.7.34009.444
MinimumVisualStudioVersion = 10.0.40219.1
Project("{FAE04EC0-301F-11D3-BF4B-00C04F79EFBC}") = "menamena", "menamena.csproj", "{0F27321C-2F7D-4906-91A6-7BBD8AE66EEB}"
EndProject
Global
	GlobalSection(SolutionConfigurationPlatforms) = preSolution
		Debug|Any CPU = Debug|Any CPU
		Release|Any CPU = Release|Any CPU
	EndGlobalSection
	GlobalSection(ProjectConfigurationPlatforms) = postSolution
		{0F27321C-2F7D-4906-91A6-7BBD8AE66EEB}.Debug|Any CPU.ActiveCfg = Debug|Any CPU
		{0F27321C-2F7D-4906-91A6-7BBD8AE66EEB}.Debug|Any CPU.Build.0 = Debug|Any CPU
		{0F27321C-2F7D-4906-91A6-7BBD8AE66EEB}.Release|Any CPU.ActiveCfg = Release|Any CPU
		{0F27321C-2F7D-4906-91A6-7BBD8AE66EEB}.Release|Any CPU.Build.0 = Release|Any CPU
	EndGlobalSection
	GlobalSection(SolutionProperties) = preSolution
		HideSolutionNode = FALSE
	EndGlobalSection
	GlobalSection(ExtensibilityGlobals) = postSolution
		SolutionGuid = {59B2BEDF-0937-4FD8-9289-C605782BB06D}
	EndGlobalSection
EndGlobal
